
Microsoft Visual Studio Solution File, Format Version 12.00
# Visual Studio Version 16
VisualStudioVersion = 16.0.30907.101
MinimumVisualStudioVersion = 10.0.40219.1
Project("{FAE04EC0-301F-11D3-BF4B-00C04F79EFBC}") = "cs-semestral-project", "cs-semestral-project\cs-semestral-project.csproj", "{DD1E9F82-ECF5-4358-831F-F4B1D3D01D6E}"
EndProject
Project("{2150E333-8FDC-42A3-9474-1A3956D46DE8}") = "Solution Items", "Solution Items", "{A4C59149-34FF-4E1D-A476-FBF5B11C71FB}"
	ProjectSection(SolutionItems) = preProject
		README.md = README.md
	EndProjectSection
EndProject
Global
	GlobalSection(SolutionConfigurationPlatforms) = preSolution
		Debug|Any CPU = Debug|Any CPU
		Release|Any CPU = Release|Any CPU
	EndGlobalSection
	GlobalSection(ProjectConfigurationPlatforms) = postSolution
		{DD1E9F82-ECF5-4358-831F-F4B1D3D01D6E}.Debug|Any CPU.ActiveCfg = Debug|Any CPU
		{DD1E9F82-ECF5-4358-831F-F4B1D3D01D6E}.Debug|Any CPU.Build.0 = Debug|Any CPU
		{DD1E9F82-ECF5-4358-831F-F4B1D3D01D6E}.Release|Any CPU.ActiveCfg = Release|Any CPU
		{DD1E9F82-ECF5-4358-831F-F4B1D3D01D6E}.Release|Any CPU.Build.0 = Release|Any CPU
	EndGlobalSection
	GlobalSection(SolutionProperties) = preSolution
		HideSolutionNode = FALSE
	EndGlobalSection
	GlobalSection(ExtensibilityGlobals) = postSolution
		SolutionGuid = {9C47DC42-0947-47DE-AF03-ED113B516518}
	EndGlobalSection
EndGlobal
